// !$*UTF8*$!
{
	archiveVersion = 1;
	classes = {
	};
	objectVersion = 46;
	objects = {

/* Begin PBXBuildFile section */
		3F323AEC15759C9F00B0CA39 /* Foundation.framework in Frameworks */ = {isa = PBXBuildFile; fileRef = 3F323AEB15759C9F00B0CA39 /* Foundation.framework */; };
		3F323AEE15759C9F00B0CA39 /* UIKit.framework in Frameworks */ = {isa = PBXBuildFile; fileRef = 3F323AED15759C9F00B0CA39 /* UIKit.framework */; };
		3F323AF015759C9F00B0CA39 /* CoreGraphics.framework in Frameworks */ = {isa = PBXBuildFile; fileRef = 3F323AEF15759C9F00B0CA39 /* CoreGraphics.framework */; };
		3F323AF215759C9F00B0CA39 /* AddressBook.framework in Frameworks */ = {isa = PBXBuildFile; fileRef = 3F323AF115759C9F00B0CA39 /* AddressBook.framework */; };
		3F323AF415759C9F00B0CA39 /* AddressBookUI.framework in Frameworks */ = {isa = PBXBuildFile; fileRef = 3F323AF315759C9F00B0CA39 /* AddressBookUI.framework */; };
		3F323AF615759C9F00B0CA39 /* AudioToolbox.framework in Frameworks */ = {isa = PBXBuildFile; fileRef = 3F323AF515759C9F00B0CA39 /* AudioToolbox.framework */; };
		3F323AF815759C9F00B0CA39 /* AVFoundation.framework in Frameworks */ = {isa = PBXBuildFile; fileRef = 3F323AF715759C9F00B0CA39 /* AVFoundation.framework */; };
		3F323AFA15759C9F00B0CA39 /* CoreLocation.framework in Frameworks */ = {isa = PBXBuildFile; fileRef = 3F323AF915759C9F00B0CA39 /* CoreLocation.framework */; };
		3F323AFC15759C9F00B0CA39 /* MediaPlayer.framework in Frameworks */ = {isa = PBXBuildFile; fileRef = 3F323AFB15759C9F00B0CA39 /* MediaPlayer.framework */; };
		3F323AFE15759C9F00B0CA39 /* QuartzCore.framework in Frameworks */ = {isa = PBXBuildFile; fileRef = 3F323AFD15759C9F00B0CA39 /* QuartzCore.framework */; };
		3F323B0015759C9F00B0CA39 /* SystemConfiguration.framework in Frameworks */ = {isa = PBXBuildFile; fileRef = 3F323AFF15759C9F00B0CA39 /* SystemConfiguration.framework */; };
		3F323B0215759C9F00B0CA39 /* MobileCoreServices.framework in Frameworks */ = {isa = PBXBuildFile; fileRef = 3F323B0115759C9F00B0CA39 /* MobileCoreServices.framework */; };
		3F323B0415759C9F00B0CA39 /* CoreMedia.framework in Frameworks */ = {isa = PBXBuildFile; fileRef = 3F323B0315759C9F00B0CA39 /* CoreMedia.framework */; };
		3F323B0A15759C9F00B0CA39 /* InfoPlist.strings in Resources */ = {isa = PBXBuildFile; fileRef = 3F323B0815759C9F00B0CA39 /* InfoPlist.strings */; };
		3F323B0C15759C9F00B0CA39 /* main.m in Sources */ = {isa = PBXBuildFile; fileRef = 3F323B0B15759C9F00B0CA39 /* main.m */; };
		3F323B0F15759C9F00B0CA39 /* Cordova.framework in Frameworks */ = {isa = PBXBuildFile; fileRef = 3F323B0E15759C9F00B0CA39 /* Cordova.framework */; };
		3F323B1415759C9F00B0CA39 /* Localizable.strings in Resources */ = {isa = PBXBuildFile; fileRef = 3F323B1215759C9F00B0CA39 /* Localizable.strings */; };
		3F323B1815759C9F00B0CA39 /* Localizable.strings in Resources */ = {isa = PBXBuildFile; fileRef = 3F323B1615759C9F00B0CA39 /* Localizable.strings */; };
		3F323B1C15759C9F00B0CA39 /* Localizable.strings in Resources */ = {isa = PBXBuildFile; fileRef = 3F323B1A15759C9F00B0CA39 /* Localizable.strings */; };
		3F323B2015759C9F00B0CA39 /* Localizable.strings in Resources */ = {isa = PBXBuildFile; fileRef = 3F323B1E15759C9F00B0CA39 /* Localizable.strings */; };
		3F323B2315759C9F00B0CA39 /* icon.png in Resources */ = {isa = PBXBuildFile; fileRef = 3F323B2215759C9F00B0CA39 /* icon.png */; };
		3F323B2515759C9F00B0CA39 /* icon@2x.png in Resources */ = {isa = PBXBuildFile; fileRef = 3F323B2415759C9F00B0CA39 /* icon@2x.png */; };
		3F323B2715759C9F00B0CA39 /* icon-72.png in Resources */ = {isa = PBXBuildFile; fileRef = 3F323B2615759C9F00B0CA39 /* icon-72.png */; };
		3F323B2A15759C9F00B0CA39 /* Default~iphone.png in Resources */ = {isa = PBXBuildFile; fileRef = 3F323B2915759C9F00B0CA39 /* Default~iphone.png */; };
		3F323B2C15759C9F00B0CA39 /* Default@2x~iphone.png in Resources */ = {isa = PBXBuildFile; fileRef = 3F323B2B15759C9F00B0CA39 /* Default@2x~iphone.png */; };
		3F323B2E15759CA000B0CA39 /* Capture.bundle in Resources */ = {isa = PBXBuildFile; fileRef = 3F323B2D15759CA000B0CA39 /* Capture.bundle */; };
		3F323B3015759CA000B0CA39 /* Cordova.plist in Resources */ = {isa = PBXBuildFile; fileRef = 3F323B2F15759CA000B0CA39 /* Cordova.plist */; };
		3F323B3415759CA000B0CA39 /* AppDelegate.m in Sources */ = {isa = PBXBuildFile; fileRef = 3F323B3315759CA000B0CA39 /* AppDelegate.m */; };
		3F323B3715759CA000B0CA39 /* MainViewController.m in Sources */ = {isa = PBXBuildFile; fileRef = 3F323B3615759CA000B0CA39 /* MainViewController.m */; };
		3F323B3915759CA000B0CA39 /* MainViewController.xib in Resources */ = {isa = PBXBuildFile; fileRef = 3F323B3815759CA000B0CA39 /* MainViewController.xib */; };
		3F323B3D15759CA000B0CA39 /* verify.sh in Resources */ = {isa = PBXBuildFile; fileRef = 3F323B3C15759CA000B0CA39 /* verify.sh */; };
		3F323B441575A02000B0CA39 /* www in Resources */ = {isa = PBXBuildFile; fileRef = 3F323B431575A02000B0CA39 /* www */; };
/* End PBXBuildFile section */

/* Begin PBXFileReference section */
		3F323AE715759C9F00B0CA39 /* AVFDemo.app */ = {isa = PBXFileReference; explicitFileType = wrapper.application; includeInIndex = 0; path = AVFDemo.app; sourceTree = BUILT_PRODUCTS_DIR; };
		3F323AEB15759C9F00B0CA39 /* Foundation.framework */ = {isa = PBXFileReference; lastKnownFileType = wrapper.framework; name = Foundation.framework; path = System/Library/Frameworks/Foundation.framework; sourceTree = SDKROOT; };
		3F323AED15759C9F00B0CA39 /* UIKit.framework */ = {isa = PBXFileReference; lastKnownFileType = wrapper.framework; name = UIKit.framework; path = System/Library/Frameworks/UIKit.framework; sourceTree = SDKROOT; };
		3F323AEF15759C9F00B0CA39 /* CoreGraphics.framework */ = {isa = PBXFileReference; lastKnownFileType = wrapper.framework; name = CoreGraphics.framework; path = System/Library/Frameworks/CoreGraphics.framework; sourceTree = SDKROOT; };
		3F323AF115759C9F00B0CA39 /* AddressBook.framework */ = {isa = PBXFileReference; lastKnownFileType = wrapper.framework; name = AddressBook.framework; path = System/Library/Frameworks/AddressBook.framework; sourceTree = SDKROOT; };
		3F323AF315759C9F00B0CA39 /* AddressBookUI.framework */ = {isa = PBXFileReference; lastKnownFileType = wrapper.framework; name = AddressBookUI.framework; path = System/Library/Frameworks/AddressBookUI.framework; sourceTree = SDKROOT; };
		3F323AF515759C9F00B0CA39 /* AudioToolbox.framework */ = {isa = PBXFileReference; lastKnownFileType = wrapper.framework; name = AudioToolbox.framework; path = System/Library/Frameworks/AudioToolbox.framework; sourceTree = SDKROOT; };
		3F323AF715759C9F00B0CA39 /* AVFoundation.framework */ = {isa = PBXFileReference; lastKnownFileType = wrapper.framework; name = AVFoundation.framework; path = System/Library/Frameworks/AVFoundation.framework; sourceTree = SDKROOT; };
		3F323AF915759C9F00B0CA39 /* CoreLocation.framework */ = {isa = PBXFileReference; lastKnownFileType = wrapper.framework; name = CoreLocation.framework; path = System/Library/Frameworks/CoreLocation.framework; sourceTree = SDKROOT; };
		3F323AFB15759C9F00B0CA39 /* MediaPlayer.framework */ = {isa = PBXFileReference; lastKnownFileType = wrapper.framework; name = MediaPlayer.framework; path = System/Library/Frameworks/MediaPlayer.framework; sourceTree = SDKROOT; };
		3F323AFD15759C9F00B0CA39 /* QuartzCore.framework */ = {isa = PBXFileReference; lastKnownFileType = wrapper.framework; name = QuartzCore.framework; path = System/Library/Frameworks/QuartzCore.framework; sourceTree = SDKROOT; };
		3F323AFF15759C9F00B0CA39 /* SystemConfiguration.framework */ = {isa = PBXFileReference; lastKnownFileType = wrapper.framework; name = SystemConfiguration.framework; path = System/Library/Frameworks/SystemConfiguration.framework; sourceTree = SDKROOT; };
		3F323B0115759C9F00B0CA39 /* MobileCoreServices.framework */ = {isa = PBXFileReference; lastKnownFileType = wrapper.framework; name = MobileCoreServices.framework; path = System/Library/Frameworks/MobileCoreServices.framework; sourceTree = SDKROOT; };
		3F323B0315759C9F00B0CA39 /* CoreMedia.framework */ = {isa = PBXFileReference; lastKnownFileType = wrapper.framework; name = CoreMedia.framework; path = System/Library/Frameworks/CoreMedia.framework; sourceTree = SDKROOT; };
		3F323B0715759C9F00B0CA39 /* AVFDemo-Info.plist */ = {isa = PBXFileReference; lastKnownFileType = text.plist.xml; path = "AVFDemo-Info.plist"; sourceTree = "<group>"; };
		3F323B0915759C9F00B0CA39 /* en */ = {isa = PBXFileReference; lastKnownFileType = text.plist.strings; name = en; path = en.lproj/InfoPlist.strings; sourceTree = "<group>"; };
		3F323B0B15759C9F00B0CA39 /* main.m */ = {isa = PBXFileReference; lastKnownFileType = sourcecode.c.objc; path = main.m; sourceTree = "<group>"; };
		3F323B0D15759C9F00B0CA39 /* AVFDemo-Prefix.pch */ = {isa = PBXFileReference; lastKnownFileType = sourcecode.c.h; path = "AVFDemo-Prefix.pch"; sourceTree = "<group>"; };
		3F323B0E15759C9F00B0CA39 /* Cordova.framework */ = {isa = PBXFileReference; lastKnownFileType = wrapper.framework; name = Cordova.framework; path = /Users/Shared/Cordova/Frameworks/Cordova.framework; sourceTree = "<absolute>"; };
		3F323B1315759C9F00B0CA39 /* en */ = {isa = PBXFileReference; lastKnownFileType = text.plist.strings; name = en; path = Resources/en.lproj/Localizable.strings; sourceTree = "<group>"; };
		3F323B1715759C9F00B0CA39 /* es */ = {isa = PBXFileReference; lastKnownFileType = text.plist.strings; name = es; path = Resources/es.lproj/Localizable.strings; sourceTree = "<group>"; };
		3F323B1B15759C9F00B0CA39 /* de */ = {isa = PBXFileReference; lastKnownFileType = text.plist.strings; name = de; path = Resources/de.lproj/Localizable.strings; sourceTree = "<group>"; };
		3F323B1F15759C9F00B0CA39 /* se */ = {isa = PBXFileReference; lastKnownFileType = text.plist.strings; name = se; path = Resources/se.lproj/Localizable.strings; sourceTree = "<group>"; };
		3F323B2215759C9F00B0CA39 /* icon.png */ = {isa = PBXFileReference; lastKnownFileType = image.png; name = icon.png; path = Resources/icons/icon.png; sourceTree = "<group>"; };
		3F323B2415759C9F00B0CA39 /* icon@2x.png */ = {isa = PBXFileReference; lastKnownFileType = image.png; name = "icon@2x.png"; path = "Resources/icons/icon@2x.png"; sourceTree = "<group>"; };
		3F323B2615759C9F00B0CA39 /* icon-72.png */ = {isa = PBXFileReference; lastKnownFileType = image.png; name = "icon-72.png"; path = "Resources/icons/icon-72.png"; sourceTree = "<group>"; };
		3F323B2915759C9F00B0CA39 /* Default~iphone.png */ = {isa = PBXFileReference; lastKnownFileType = image.png; name = "Default~iphone.png"; path = "Resources/splash/Default~iphone.png"; sourceTree = "<group>"; };
		3F323B2B15759C9F00B0CA39 /* Default@2x~iphone.png */ = {isa = PBXFileReference; lastKnownFileType = image.png; name = "Default@2x~iphone.png"; path = "Resources/splash/Default@2x~iphone.png"; sourceTree = "<group>"; };
		3F323B2D15759CA000B0CA39 /* Capture.bundle */ = {isa = PBXFileReference; lastKnownFileType = "wrapper.plug-in"; name = Capture.bundle; path = Resources/Capture.bundle; sourceTree = "<group>"; };
		3F323B2F15759CA000B0CA39 /* Cordova.plist */ = {isa = PBXFileReference; lastKnownFileType = text.plist.xml; path = Cordova.plist; sourceTree = "<group>"; };
		3F323B3215759CA000B0CA39 /* AppDelegate.h */ = {isa = PBXFileReference; lastKnownFileType = sourcecode.c.h; name = AppDelegate.h; path = Classes/AppDelegate.h; sourceTree = "<group>"; };
		3F323B3315759CA000B0CA39 /* AppDelegate.m */ = {isa = PBXFileReference; lastKnownFileType = sourcecode.c.objc; name = AppDelegate.m; path = Classes/AppDelegate.m; sourceTree = "<group>"; };
		3F323B3515759CA000B0CA39 /* MainViewController.h */ = {isa = PBXFileReference; lastKnownFileType = sourcecode.c.h; name = MainViewController.h; path = Classes/MainViewController.h; sourceTree = "<group>"; };
		3F323B3615759CA000B0CA39 /* MainViewController.m */ = {isa = PBXFileReference; lastKnownFileType = sourcecode.c.objc; name = MainViewController.m; path = Classes/MainViewController.m; sourceTree = "<group>"; };
		3F323B3815759CA000B0CA39 /* MainViewController.xib */ = {isa = PBXFileReference; lastKnownFileType = file.xib; name = MainViewController.xib; path = Classes/MainViewController.xib; sourceTree = "<group>"; };
		3F323B3B15759CA000B0CA39 /* README */ = {isa = PBXFileReference; lastKnownFileType = text; name = README; path = Plugins/README; sourceTree = "<group>"; };
		3F323B3C15759CA000B0CA39 /* verify.sh */ = {isa = PBXFileReference; lastKnownFileType = text.script.sh; path = verify.sh; sourceTree = "<group>"; };
		3F323B431575A02000B0CA39 /* www */ = {isa = PBXFileReference; lastKnownFileType = folder; path = www; sourceTree = "<group>"; };
/* End PBXFileReference section */

/* Begin PBXFrameworksBuildPhase section */
		3F323AE115759C9F00B0CA39 /* Frameworks */ = {
			isa = PBXFrameworksBuildPhase;
			buildActionMask = 2147483647;
			files = (
				3F323AEC15759C9F00B0CA39 /* Foundation.framework in Frameworks */,
				3F323AEE15759C9F00B0CA39 /* UIKit.framework in Frameworks */,
				3F323AF015759C9F00B0CA39 /* CoreGraphics.framework in Frameworks */,
				3F323AF215759C9F00B0CA39 /* AddressBook.framework in Frameworks */,
				3F323AF415759C9F00B0CA39 /* AddressBookUI.framework in Frameworks */,
				3F323AF615759C9F00B0CA39 /* AudioToolbox.framework in Frameworks */,
				3F323AF815759C9F00B0CA39 /* AVFoundation.framework in Frameworks */,
				3F323AFA15759C9F00B0CA39 /* CoreLocation.framework in Frameworks */,
				3F323AFC15759C9F00B0CA39 /* MediaPlayer.framework in Frameworks */,
				3F323AFE15759C9F00B0CA39 /* QuartzCore.framework in Frameworks */,
				3F323B0015759C9F00B0CA39 /* SystemConfiguration.framework in Frameworks */,
				3F323B0215759C9F00B0CA39 /* MobileCoreServices.framework in Frameworks */,
				3F323B0415759C9F00B0CA39 /* CoreMedia.framework in Frameworks */,
				3F323B0F15759C9F00B0CA39 /* Cordova.framework in Frameworks */,
			);
			runOnlyForDeploymentPostprocessing = 0;
		};
		3F323AE415759C9F00B0CA39 /* Frameworks */ = {
			isa = PBXFrameworksBuildPhase;
			buildActionMask = 2147483647;
			files = (
			);
			runOnlyForDeploymentPostprocessing = 0;
		};
/* End PBXFrameworksBuildPhase section */

/* Begin PBXGroup section */
		3F323AD915759C9F00B0CA39 = {
			isa = PBXGroup;
			children = (
				3F323B431575A02000B0CA39 /* www */,
				3F323B0515759C9F00B0CA39 /* AVFDemo */,
				3F323AEA15759C9F00B0CA39 /* Frameworks */,
				3F323AE815759C9F00B0CA39 /* Products */,
			);
			sourceTree = "<group>";
		};
		3F323AE815759C9F00B0CA39 /* Products */ = {
			isa = PBXGroup;
			children = (
				3F323AE715759C9F00B0CA39 /* AVFDemo.app */,
			);
			name = Products;
			sourceTree = "<group>";
		};
		3F323AEA15759C9F00B0CA39 /* Frameworks */ = {
			isa = PBXGroup;
			children = (
				3F323AEB15759C9F00B0CA39 /* Foundation.framework */,
				3F323AED15759C9F00B0CA39 /* UIKit.framework */,
				3F323AEF15759C9F00B0CA39 /* CoreGraphics.framework */,
				3F323AF115759C9F00B0CA39 /* AddressBook.framework */,
				3F323AF315759C9F00B0CA39 /* AddressBookUI.framework */,
				3F323AF515759C9F00B0CA39 /* AudioToolbox.framework */,
				3F323AF715759C9F00B0CA39 /* AVFoundation.framework */,
				3F323AF915759C9F00B0CA39 /* CoreLocation.framework */,
				3F323AFB15759C9F00B0CA39 /* MediaPlayer.framework */,
				3F323AFD15759C9F00B0CA39 /* QuartzCore.framework */,
				3F323AFF15759C9F00B0CA39 /* SystemConfiguration.framework */,
				3F323B0115759C9F00B0CA39 /* MobileCoreServices.framework */,
				3F323B0315759C9F00B0CA39 /* CoreMedia.framework */,
			);
			name = Frameworks;
			sourceTree = "<group>";
		};
		3F323B0515759C9F00B0CA39 /* AVFDemo */ = {
			isa = PBXGroup;
			children = (
				3F323B0E15759C9F00B0CA39 /* Cordova.framework */,
				3F323B1015759C9F00B0CA39 /* Resources */,
				3F323B3115759CA000B0CA39 /* Classes */,
				3F323B3A15759CA000B0CA39 /* Plugins */,
				3F323B0615759C9F00B0CA39 /* Supporting Files */,
			);
			path = AVFDemo;
			sourceTree = "<group>";
		};
		3F323B0615759C9F00B0CA39 /* Supporting Files */ = {
			isa = PBXGroup;
			children = (
				3F323B0715759C9F00B0CA39 /* AVFDemo-Info.plist */,
				3F323B0815759C9F00B0CA39 /* InfoPlist.strings */,
				3F323B0B15759C9F00B0CA39 /* main.m */,
				3F323B0D15759C9F00B0CA39 /* AVFDemo-Prefix.pch */,
				3F323B2F15759CA000B0CA39 /* Cordova.plist */,
				3F323B3815759CA000B0CA39 /* MainViewController.xib */,
				3F323B3C15759CA000B0CA39 /* verify.sh */,
			);
			name = "Supporting Files";
			sourceTree = "<group>";
		};
		3F323B1015759C9F00B0CA39 /* Resources */ = {
			isa = PBXGroup;
			children = (
				3F323B2D15759CA000B0CA39 /* Capture.bundle */,
				3F323B1115759C9F00B0CA39 /* en.lproj */,
				3F323B1515759C9F00B0CA39 /* es.lproj */,
				3F323B1915759C9F00B0CA39 /* de.lproj */,
				3F323B1D15759C9F00B0CA39 /* se.lproj */,
				3F323B2115759C9F00B0CA39 /* icons */,
				3F323B2815759C9F00B0CA39 /* splash */,
			);
			name = Resources;
			sourceTree = "<group>";
		};
		3F323B1115759C9F00B0CA39 /* en.lproj */ = {
			isa = PBXGroup;
			children = (
				3F323B1215759C9F00B0CA39 /* Localizable.strings */,
			);
			name = en.lproj;
			sourceTree = "<group>";
		};
		3F323B1515759C9F00B0CA39 /* es.lproj */ = {
			isa = PBXGroup;
			children = (
				3F323B1615759C9F00B0CA39 /* Localizable.strings */,
			);
			name = es.lproj;
			sourceTree = "<group>";
		};
		3F323B1915759C9F00B0CA39 /* de.lproj */ = {
			isa = PBXGroup;
			children = (
				3F323B1A15759C9F00B0CA39 /* Localizable.strings */,
			);
			name = de.lproj;
			sourceTree = "<group>";
		};
		3F323B1D15759C9F00B0CA39 /* se.lproj */ = {
			isa = PBXGroup;
			children = (
				3F323B1E15759C9F00B0CA39 /* Localizable.strings */,
			);
			name = se.lproj;
			sourceTree = "<group>";
		};
		3F323B2115759C9F00B0CA39 /* icons */ = {
			isa = PBXGroup;
			children = (
				3F323B2215759C9F00B0CA39 /* icon.png */,
				3F323B2415759C9F00B0CA39 /* icon@2x.png */,
				3F323B2615759C9F00B0CA39 /* icon-72.png */,
			);
			name = icons;
			sourceTree = "<group>";
		};
		3F323B2815759C9F00B0CA39 /* splash */ = {
			isa = PBXGroup;
			children = (
				3F323B2915759C9F00B0CA39 /* Default~iphone.png */,
				3F323B2B15759C9F00B0CA39 /* Default@2x~iphone.png */,
			);
			name = splash;
			sourceTree = "<group>";
		};
		3F323B3115759CA000B0CA39 /* Classes */ = {
			isa = PBXGroup;
			children = (
				3F323B3215759CA000B0CA39 /* AppDelegate.h */,
				3F323B3315759CA000B0CA39 /* AppDelegate.m */,
				3F323B3515759CA000B0CA39 /* MainViewController.h */,
				3F323B3615759CA000B0CA39 /* MainViewController.m */,
			);
			name = Classes;
			sourceTree = "<group>";
		};
		3F323B3A15759CA000B0CA39 /* Plugins */ = {
			isa = PBXGroup;
			children = (
				3F323B3B15759CA000B0CA39 /* README */,
			);
			name = Plugins;
			sourceTree = "<group>";
		};
/* End PBXGroup section */

/* Begin PBXNativeTarget section */
		3F323AE615759C9F00B0CA39 /* AVFDemo */ = {
			isa = PBXNativeTarget;
			buildConfigurationList = 3F323B4015759CA000B0CA39 /* Build configuration list for PBXNativeTarget "AVFDemo" */;
			buildPhases = (
				3F323AE015759C9F00B0CA39 /* Sources */,
				3F323AE115759C9F00B0CA39 /* Frameworks */,
				3F323AE215759C9F00B0CA39 /* Resources */,
				3F323AE315759C9F00B0CA39 /* Sources */,
				3F323AE415759C9F00B0CA39 /* Frameworks */,
				3F323AE515759C9F00B0CA39 /* ShellScript */,
			);
			buildRules = (
			);
			dependencies = (
			);
			name = AVFDemo;
			productName = AVFDemo;
			productReference = 3F323AE715759C9F00B0CA39 /* AVFDemo.app */;
			productType = "com.apple.product-type.application";
		};
/* End PBXNativeTarget section */

/* Begin PBXProject section */
		3F323ADB15759C9F00B0CA39 /* Project object */ = {
			isa = PBXProject;
			attributes = {
				LastUpgradeCheck = 0420;
			};
			buildConfigurationList = 3F323ADE15759C9F00B0CA39 /* Build configuration list for PBXProject "AVFDemo" */;
			compatibilityVersion = "Xcode 3.2";
			developmentRegion = English;
			hasScannedForEncodings = 0;
			knownRegions = (
				en,
				es,
				de,
				se,
			);
			mainGroup = 3F323AD915759C9F00B0CA39;
			productRefGroup = 3F323AE815759C9F00B0CA39 /* Products */;
			projectDirPath = "";
			projectRoot = "";
			targets = (
				3F323AE615759C9F00B0CA39 /* AVFDemo */,
			);
		};
/* End PBXProject section */

/* Begin PBXResourcesBuildPhase section */
		3F323AE215759C9F00B0CA39 /* Resources */ = {
			isa = PBXResourcesBuildPhase;
			buildActionMask = 2147483647;
			files = (
				3F323B0A15759C9F00B0CA39 /* InfoPlist.strings in Resources */,
				3F323B1415759C9F00B0CA39 /* Localizable.strings in Resources */,
				3F323B1815759C9F00B0CA39 /* Localizable.strings in Resources */,
				3F323B1C15759C9F00B0CA39 /* Localizable.strings in Resources */,
				3F323B2015759C9F00B0CA39 /* Localizable.strings in Resources */,
				3F323B2315759C9F00B0CA39 /* icon.png in Resources */,
				3F323B2515759C9F00B0CA39 /* icon@2x.png in Resources */,
				3F323B2715759C9F00B0CA39 /* icon-72.png in Resources */,
				3F323B2A15759C9F00B0CA39 /* Default~iphone.png in Resources */,
				3F323B2C15759C9F00B0CA39 /* Default@2x~iphone.png in Resources */,
				3F323B2E15759CA000B0CA39 /* Capture.bundle in Resources */,
				3F323B3015759CA000B0CA39 /* Cordova.plist in Resources */,
				3F323B3915759CA000B0CA39 /* MainViewController.xib in Resources */,
				3F323B3D15759CA000B0CA39 /* verify.sh in Resources */,
				3F323B441575A02000B0CA39 /* www in Resources */,
			);
			runOnlyForDeploymentPostprocessing = 0;
		};
/* End PBXResourcesBuildPhase section */

/* Begin PBXShellScriptBuildPhase section */
		3F323AE515759C9F00B0CA39 /* ShellScript */ = {
			isa = PBXShellScriptBuildPhase;
			buildActionMask = 2147483647;
			files = (
			);
			inputPaths = (
			);
			outputPaths = (
			);
			runOnlyForDeploymentPostprocessing = 0;
			shellPath = /bin/bash;
			shellScript = "\n\t\t\t\t\t\t\t\tchmod 755 \"$PROJECT_DIR/$PROJECT_NAME/verify.sh\"\n\t\t\t\t\t\t\t\t\"$PROJECT_DIR/$PROJECT_NAME/verify.sh\"\n\t\t\t\t\t";
		};
/* End PBXShellScriptBuildPhase section */

/* Begin PBXSourcesBuildPhase section */
		3F323AE015759C9F00B0CA39 /* Sources */ = {
			isa = PBXSourcesBuildPhase;
			buildActionMask = 2147483647;
			files = (
				3F323B0C15759C9F00B0CA39 /* main.m in Sources */,
				3F323B3415759CA000B0CA39 /* AppDelegate.m in Sources */,
				3F323B3715759CA000B0CA39 /* MainViewController.m in Sources */,
			);
			runOnlyForDeploymentPostprocessing = 0;
		};
		3F323AE315759C9F00B0CA39 /* Sources */ = {
			isa = PBXSourcesBuildPhase;
			buildActionMask = 2147483647;
			files = (
			);
			runOnlyForDeploymentPostprocessing = 0;
		};
/* End PBXSourcesBuildPhase section */

/* Begin PBXVariantGroup section */
		3F323B0815759C9F00B0CA39 /* InfoPlist.strings */ = {
			isa = PBXVariantGroup;
			children = (
				3F323B0915759C9F00B0CA39 /* en */,
			);
			name = InfoPlist.strings;
			sourceTree = "<group>";
		};
		3F323B1215759C9F00B0CA39 /* Localizable.strings */ = {
			isa = PBXVariantGroup;
			children = (
				3F323B1315759C9F00B0CA39 /* en */,
			);
			name = Localizable.strings;
			sourceTree = "<group>";
		};
		3F323B1615759C9F00B0CA39 /* Localizable.strings */ = {
			isa = PBXVariantGroup;
			children = (
				3F323B1715759C9F00B0CA39 /* es */,
			);
			name = Localizable.strings;
			sourceTree = "<group>";
		};
		3F323B1A15759C9F00B0CA39 /* Localizable.strings */ = {
			isa = PBXVariantGroup;
			children = (
				3F323B1B15759C9F00B0CA39 /* de */,
			);
			name = Localizable.strings;
			sourceTree = "<group>";
		};
		3F323B1E15759C9F00B0CA39 /* Localizable.strings */ = {
			isa = PBXVariantGroup;
			children = (
				3F323B1F15759C9F00B0CA39 /* se */,
			);
			name = Localizable.strings;
			sourceTree = "<group>";
		};
/* End PBXVariantGroup section */

/* Begin XCBuildConfiguration section */
		3F323B3E15759CA000B0CA39 /* Debug */ = {
			isa = XCBuildConfiguration;
			buildSettings = {
				ALWAYS_SEARCH_USER_PATHS = NO;
				ARCHS = (
					armv6,
					"$(ARCHS_STANDARD_32_BIT)",
				);
				"CODE_SIGN_IDENTITY[sdk=iphoneos*]" = "iPhone Developer";
				COPY_PHASE_STRIP = NO;
				GCC_C_LANGUAGE_STANDARD = gnu99;
				GCC_DYNAMIC_NO_PIC = NO;
				GCC_OPTIMIZATION_LEVEL = 0;
				GCC_PREPROCESSOR_DEFINITIONS = (
					"DEBUG=1",
					"$(inherited)",
				);
				GCC_SYMBOLS_PRIVATE_EXTERN = NO;
				GCC_VERSION = com.apple.compilers.llvm.clang.1_0;
				GCC_WARN_ABOUT_MISSING_PROTOTYPES = YES;
				GCC_WARN_ABOUT_RETURN_TYPE = YES;
				GCC_WARN_UNUSED_VARIABLE = YES;
				IPHONEOS_DEPLOYMENT_TARGET = 3.0;
				SDKROOT = iphoneos;
			};
			name = Debug;
		};
		3F323B3F15759CA000B0CA39 /* Release */ = {
			isa = XCBuildConfiguration;
			buildSettings = {
				ALWAYS_SEARCH_USER_PATHS = NO;
				ARCHS = (
					armv6,
					"$(ARCHS_STANDARD_32_BIT)",
				);
				"CODE_SIGN_IDENTITY[sdk=iphoneos*]" = "iPhone Developer";
				COPY_PHASE_STRIP = YES;
				GCC_C_LANGUAGE_STANDARD = gnu99;
				GCC_VERSION = com.apple.compilers.llvm.clang.1_0;
				GCC_WARN_ABOUT_MISSING_PROTOTYPES = YES;
				GCC_WARN_ABOUT_RETURN_TYPE = YES;
				GCC_WARN_UNUSED_VARIABLE = YES;
				IPHONEOS_DEPLOYMENT_TARGET = 3.0;
				SDKROOT = iphoneos;
				VALIDATE_PRODUCT = YES;
			};
			name = Release;
		};
		3F323B4115759CA000B0CA39 /* Debug */ = {
			isa = XCBuildConfiguration;
			buildSettings = {
				ALWAYS_SEARCH_USER_PATHS = YES;
				COPY_PHASE_STRIP = NO;
				FRAMEWORK_SEARCH_PATHS = /Users/Shared/Cordova/Frameworks;
				GCC_DYNAMIC_NO_PIC = NO;
				GCC_PRECOMPILE_PREFIX_HEADER = YES;
				GCC_PREFIX_HEADER = "AVFDemo/AVFDemo-Prefix.pch";
				GCC_PREPROCESSOR_DEFINITIONS = (
					"DEBUG=1,",
					"CORDOVA_FRAMEWORK=1",
				);
				INFOPLIST_FILE = "AVFDemo/AVFDemo-Info.plist";
				OTHER_LDFLAGS = (
					"-weak_framework",
					UIKit,
					"-weak_framework",
					AVFoundation,
					"-weak_framework",
					CoreMedia,
					"-weak_library",
					/usr/lib/libSystem.B.dylib,
				);
				PRODUCT_NAME = "$(TARGET_NAME)";
				TARGETED_DEVICE_FAMILY = "1,2";
				WRAPPER_EXTENSION = app;
			};
			name = Debug;
		};
		3F323B4215759CA000B0CA39 /* Release */ = {
			isa = XCBuildConfiguration;
			buildSettings = {
				ALWAYS_SEARCH_USER_PATHS = YES;
				COPY_PHASE_STRIP = YES;
				DEBUG_INFORMATION_FORMAT = "dwarf-with-dsym";
				FRAMEWORK_SEARCH_PATHS = /Users/Shared/Cordova/Frameworks;
				GCC_PRECOMPILE_PREFIX_HEADER = YES;
				GCC_PREFIX_HEADER = "AVFDemo/AVFDemo-Prefix.pch";
				GCC_PREPROCESSOR_DEFINITIONS = (
					"NDEBUG=1,",
					"CORDOVA_FRAMEWORK=1",
				);
				INFOPLIST_FILE = "AVFDemo/AVFDemo-Info.plist";
				OTHER_LDFLAGS = (
					"-weak_framework",
					UIKit,
					"-weak_framework",
					AVFoundation,
					"-weak_framework",
					CoreMedia,
					"-weak_library",
					/usr/lib/libSystem.B.dylib,
				);
				PRODUCT_NAME = "$(TARGET_NAME)";
				TARGETED_DEVICE_FAMILY = "1,2";
				VALIDATE_PRODUCT = YES;
				WRAPPER_EXTENSION = app;
			};
			name = Release;
		};
/* End XCBuildConfiguration section */

/* Begin XCConfigurationList section */
		3F323ADE15759C9F00B0CA39 /* Build configuration list for PBXProject "AVFDemo" */ = {
			isa = XCConfigurationList;
			buildConfigurations = (
				3F323B3E15759CA000B0CA39 /* Debug */,
				3F323B3F15759CA000B0CA39 /* Release */,
			);
			defaultConfigurationIsVisible = 0;
			defaultConfigurationName = Release;
		};
		3F323B4015759CA000B0CA39 /* Build configuration list for PBXNativeTarget "AVFDemo" */ = {
			isa = XCConfigurationList;
			buildConfigurations = (
				3F323B4115759CA000B0CA39 /* Debug */,
				3F323B4215759CA000B0CA39 /* Release */,
			);
			defaultConfigurationIsVisible = 0;
		};
/* End XCConfigurationList section */
	};
	rootObject = 3F323ADB15759C9F00B0CA39 /* Project object */;
}
